
Microsoft Visual Studio Solution File, Format Version 12.00
# Visual Studio Version 16
VisualStudioVersion = 16.0.31205.134
MinimumVisualStudioVersion = 10.0.40219.1
Project("{FAE04EC0-301F-11D3-BF4B-00C04F79EFBC}") = "EvrakTakipSistemi", "EvrakTakipSistemi.csproj", "{F445598E-E36E-4FE6-ACAD-1A6C6D920E8B}"
EndProject
Global
	GlobalSection(SolutionConfigurationPlatforms) = preSolution
		Debug|Any CPU = Debug|Any CPU
		Release|Any CPU = Release|Any CPU
	EndGlobalSection
	GlobalSection(ProjectConfigurationPlatforms) = postSolution
		{F445598E-E36E-4FE6-ACAD-1A6C6D920E8B}.Debug|Any CPU.ActiveCfg = Debug|Any CPU
		{F445598E-E36E-4FE6-ACAD-1A6C6D920E8B}.Debug|Any CPU.Build.0 = Debug|Any CPU
		{F445598E-E36E-4FE6-ACAD-1A6C6D920E8B}.Release|Any CPU.ActiveCfg = Release|Any CPU
		{F445598E-E36E-4FE6-ACAD-1A6C6D920E8B}.Release|Any CPU.Build.0 = Release|Any CPU
	EndGlobalSection
	GlobalSection(SolutionProperties) = preSolution
		HideSolutionNode = FALSE
	EndGlobalSection
	GlobalSection(ExtensibilityGlobals) = postSolution
		SolutionGuid = {0FFDADF2-4AEC-440C-B322-BC00AB5B8F0C}
	EndGlobalSection
EndGlobal
